// !$*UTF8*$!
{
	archiveVersion = 1;
	classes = {
	};
	objectVersion = 55;
	objects = {

/* Begin PBXBuildFile section */
		AC05C273288C6ED70042C00D /* FilterioApp.swift in Sources */ = {isa = PBXBuildFile; fileRef = AC05C263288C6ED50042C00D /* FilterioApp.swift */; };
		AC05C274288C6ED70042C00D /* FilterioApp.swift in Sources */ = {isa = PBXBuildFile; fileRef = AC05C263288C6ED50042C00D /* FilterioApp.swift */; };
		AC05C275288C6ED70042C00D /* ContentView.swift in Sources */ = {isa = PBXBuildFile; fileRef = AC05C264288C6ED50042C00D /* ContentView.swift */; };
		AC05C276288C6ED70042C00D /* ContentView.swift in Sources */ = {isa = PBXBuildFile; fileRef = AC05C264288C6ED50042C00D /* ContentView.swift */; };
		AC05C277288C6ED70042C00D /* Assets.xcassets in Resources */ = {isa = PBXBuildFile; fileRef = AC05C265288C6ED70042C00D /* Assets.xcassets */; };
		AC05C278288C6ED70042C00D /* Assets.xcassets in Resources */ = {isa = PBXBuildFile; fileRef = AC05C265288C6ED70042C00D /* Assets.xcassets */; };
		AC05C282288C6F200042C00D /* MetalView.swift in Sources */ = {isa = PBXBuildFile; fileRef = AC05C281288C6F200042C00D /* MetalView.swift */; };
		AC05C283288C6F200042C00D /* MetalView.swift in Sources */ = {isa = PBXBuildFile; fileRef = AC05C281288C6F200042C00D /* MetalView.swift */; };
		AC05C285288C70470042C00D /* Renderer.swift in Sources */ = {isa = PBXBuildFile; fileRef = AC05C284288C70470042C00D /* Renderer.swift */; };
		AC05C286288C70470042C00D /* Renderer.swift in Sources */ = {isa = PBXBuildFile; fileRef = AC05C284288C70470042C00D /* Renderer.swift */; };
		AC05C288288C73A90042C00D /* Shaders.metal in Sources */ = {isa = PBXBuildFile; fileRef = AC05C287288C73A90042C00D /* Shaders.metal */; };
		AC05C289288C73A90042C00D /* Shaders.metal in Sources */ = {isa = PBXBuildFile; fileRef = AC05C287288C73A90042C00D /* Shaders.metal */; };
		AC05C28B288C783E0042C00D /* nature.jpg in Resources */ = {isa = PBXBuildFile; fileRef = AC05C28A288C783E0042C00D /* nature.jpg */; };
		AC05C28C288C783E0042C00D /* nature.jpg in Resources */ = {isa = PBXBuildFile; fileRef = AC05C28A288C783E0042C00D /* nature.jpg */; };
		AC05C28E288CA2470042C00D /* Filter.swift in Sources */ = {isa = PBXBuildFile; fileRef = AC05C28D288CA2470042C00D /* Filter.swift */; };
		AC05C28F288CA2470042C00D /* Filter.swift in Sources */ = {isa = PBXBuildFile; fileRef = AC05C28D288CA2470042C00D /* Filter.swift */; };
/* End PBXBuildFile section */

/* Begin PBXFileReference section */
		AC05C263288C6ED50042C00D /* FilterioApp.swift */ = {isa = PBXFileReference; lastKnownFileType = sourcecode.swift; path = FilterioApp.swift; sourceTree = "<group>"; };
		AC05C264288C6ED50042C00D /* ContentView.swift */ = {isa = PBXFileReference; lastKnownFileType = sourcecode.swift; path = ContentView.swift; sourceTree = "<group>"; };
		AC05C265288C6ED70042C00D /* Assets.xcassets */ = {isa = PBXFileReference; lastKnownFileType = folder.assetcatalog; path = Assets.xcassets; sourceTree = "<group>"; };
		AC05C26A288C6ED70042C00D /* Filterio.app */ = {isa = PBXFileReference; explicitFileType = wrapper.application; includeInIndex = 0; path = Filterio.app; sourceTree = BUILT_PRODUCTS_DIR; };
		AC05C270288C6ED70042C00D /* Filterio.app */ = {isa = PBXFileReference; explicitFileType = wrapper.application; includeInIndex = 0; path = Filterio.app; sourceTree = BUILT_PRODUCTS_DIR; };
		AC05C272288C6ED70042C00D /* macOS.entitlements */ = {isa = PBXFileReference; lastKnownFileType = text.plist.entitlements; path = macOS.entitlements; sourceTree = "<group>"; };
		AC05C281288C6F200042C00D /* MetalView.swift */ = {isa = PBXFileReference; lastKnownFileType = sourcecode.swift; path = MetalView.swift; sourceTree = "<group>"; };
		AC05C284288C70470042C00D /* Renderer.swift */ = {isa = PBXFileReference; lastKnownFileType = sourcecode.swift; path = Renderer.swift; sourceTree = "<group>"; };
		AC05C287288C73A90042C00D /* Shaders.metal */ = {isa = PBXFileReference; lastKnownFileType = sourcecode.metal; path = Shaders.metal; sourceTree = "<group>"; };
		AC05C28A288C783E0042C00D /* nature.jpg */ = {isa = PBXFileReference; lastKnownFileType = image.jpeg; path = nature.jpg; sourceTree = "<group>"; };
		AC05C28D288CA2470042C00D /* Filter.swift */ = {isa = PBXFileReference; lastKnownFileType = sourcecode.swift; path = Filter.swift; sourceTree = "<group>"; };
/* End PBXFileReference section */

/* Begin PBXFrameworksBuildPhase section */
		AC05C267288C6ED70042C00D /* Frameworks */ = {
			isa = PBXFrameworksBuildPhase;
			buildActionMask = 2147483647;
			files = (
			);
			runOnlyForDeploymentPostprocessing = 0;
		};
		AC05C26D288C6ED70042C00D /* Frameworks */ = {
			isa = PBXFrameworksBuildPhase;
			buildActionMask = 2147483647;
			files = (
			);
			runOnlyForDeploymentPostprocessing = 0;
		};
/* End PBXFrameworksBuildPhase section */

/* Begin PBXGroup section */
		AC05C25D288C6ED50042C00D = {
			isa = PBXGroup;
			children = (
				AC05C262288C6ED50042C00D /* Shared */,
				AC05C271288C6ED70042C00D /* macOS */,
				AC05C26B288C6ED70042C00D /* Products */,
			);
			sourceTree = "<group>";
		};
		AC05C262288C6ED50042C00D /* Shared */ = {
			isa = PBXGroup;
			children = (
				AC05C263288C6ED50042C00D /* FilterioApp.swift */,
				AC05C264288C6ED50042C00D /* ContentView.swift */,
				AC05C281288C6F200042C00D /* MetalView.swift */,
				AC05C265288C6ED70042C00D /* Assets.xcassets */,
				AC05C284288C70470042C00D /* Renderer.swift */,
				AC05C287288C73A90042C00D /* Shaders.metal */,
				AC05C28A288C783E0042C00D /* nature.jpg */,
				AC05C28D288CA2470042C00D /* Filter.swift */,
			);
			path = Shared;
			sourceTree = "<group>";
		};
		AC05C26B288C6ED70042C00D /* Products */ = {
			isa = PBXGroup;
			children = (
				AC05C26A288C6ED70042C00D /* Filterio.app */,
				AC05C270288C6ED70042C00D /* Filterio.app */,
			);
			name = Products;
			sourceTree = "<group>";
		};
		AC05C271288C6ED70042C00D /* macOS */ = {
			isa = PBXGroup;
			children = (
				AC05C272288C6ED70042C00D /* macOS.entitlements */,
			);
			path = macOS;
			sourceTree = "<group>";
		};
/* End PBXGroup section */

/* Begin PBXNativeTarget section */
		AC05C269288C6ED70042C00D /* Filterio (iOS) */ = {
			isa = PBXNativeTarget;
			buildConfigurationList = AC05C27B288C6ED70042C00D /* Build configuration list for PBXNativeTarget "Filterio (iOS)" */;
			buildPhases = (
				AC05C266288C6ED70042C00D /* Sources */,
				AC05C267288C6ED70042C00D /* Frameworks */,
				AC05C268288C6ED70042C00D /* Resources */,
			);
			buildRules = (
			);
			dependencies = (
			);
			name = "Filterio (iOS)";
			productName = "Filterio (iOS)";
			productReference = AC05C26A288C6ED70042C00D /* Filterio.app */;
			productType = "com.apple.product-type.application";
		};
		AC05C26F288C6ED70042C00D /* Filterio (macOS) */ = {
			isa = PBXNativeTarget;
			buildConfigurationList = AC05C27E288C6ED70042C00D /* Build configuration list for PBXNativeTarget "Filterio (macOS)" */;
			buildPhases = (
				AC05C26C288C6ED70042C00D /* Sources */,
				AC05C26D288C6ED70042C00D /* Frameworks */,
				AC05C26E288C6ED70042C00D /* Resources */,
			);
			buildRules = (
			);
			dependencies = (
			);
			name = "Filterio (macOS)";
			productName = "Filterio (macOS)";
			productReference = AC05C270288C6ED70042C00D /* Filterio.app */;
			productType = "com.apple.product-type.application";
		};
/* End PBXNativeTarget section */

/* Begin PBXProject section */
		AC05C25E288C6ED50042C00D /* Project object */ = {
			isa = PBXProject;
			attributes = {
				BuildIndependentTargetsInParallel = 1;
				LastSwiftUpdateCheck = 1310;
				LastUpgradeCheck = 1310;
				TargetAttributes = {
					AC05C269288C6ED70042C00D = {
						CreatedOnToolsVersion = 13.1;
					};
					AC05C26F288C6ED70042C00D = {
						CreatedOnToolsVersion = 13.1;
					};
				};
			};
			buildConfigurationList = AC05C261288C6ED50042C00D /* Build configuration list for PBXProject "Filterio" */;
			compatibilityVersion = "Xcode 13.0";
			developmentRegion = en;
			hasScannedForEncodings = 0;
			knownRegions = (
				en,
				Base,
			);
			mainGroup = AC05C25D288C6ED50042C00D;
			productRefGroup = AC05C26B288C6ED70042C00D /* Products */;
			projectDirPath = "";
			projectRoot = "";
			targets = (
				AC05C269288C6ED70042C00D /* Filterio (iOS) */,
				AC05C26F288C6ED70042C00D /* Filterio (macOS) */,
			);
		};
/* End PBXProject section */

/* Begin PBXResourcesBuildPhase section */
		AC05C268288C6ED70042C00D /* Resources */ = {
			isa = PBXResourcesBuildPhase;
			buildActionMask = 2147483647;
			files = (
				AC05C28B288C783E0042C00D /* nature.jpg in Resources */,
				AC05C277288C6ED70042C00D /* Assets.xcassets in Resources */,
			);
			runOnlyForDeploymentPostprocessing = 0;
		};
		AC05C26E288C6ED70042C00D /* Resources */ = {
			isa = PBXResourcesBuildPhase;
			buildActionMask = 2147483647;
			files = (
				AC05C28C288C783E0042C00D /* nature.jpg in Resources */,
				AC05C278288C6ED70042C00D /* Assets.xcassets in Resources */,
			);
			runOnlyForDeploymentPostprocessing = 0;
		};
/* End PBXResourcesBuildPhase section */

/* Begin PBXSourcesBuildPhase section */
		AC05C266288C6ED70042C00D /* Sources */ = {
			isa = PBXSourcesBuildPhase;
			buildActionMask = 2147483647;
			files = (
				AC05C285288C70470042C00D /* Renderer.swift in Sources */,
				AC05C28E288CA2470042C00D /* Filter.swift in Sources */,
				AC05C282288C6F200042C00D /* MetalView.swift in Sources */,
				AC05C275288C6ED70042C00D /* ContentView.swift in Sources */,
				AC05C273288C6ED70042C00D /* FilterioApp.swift in Sources */,
				AC05C288288C73A90042C00D /* Shaders.metal in Sources */,
			);
			runOnlyForDeploymentPostprocessing = 0;
		};
		AC05C26C288C6ED70042C00D /* Sources */ = {
			isa = PBXSourcesBuildPhase;
			buildActionMask = 2147483647;
			files = (
				AC05C286288C70470042C00D /* Renderer.swift in Sources */,
				AC05C28F288CA2470042C00D /* Filter.swift in Sources */,
				AC05C283288C6F200042C00D /* MetalView.swift in Sources */,
				AC05C276288C6ED70042C00D /* ContentView.swift in Sources */,
				AC05C274288C6ED70042C00D /* FilterioApp.swift in Sources */,
				AC05C289288C73A90042C00D /* Shaders.metal in Sources */,
			);
			runOnlyForDeploymentPostprocessing = 0;
		};
/* End PBXSourcesBuildPhase section */

/* Begin XCBuildConfiguration section */
		AC05C279288C6ED70042C00D /* Debug */ = {
			isa = XCBuildConfiguration;
			buildSettings = {
				ALWAYS_SEARCH_USER_PATHS = NO;
				CLANG_ANALYZER_NONNULL = YES;
				CLANG_ANALYZER_NUMBER_OBJECT_CONVERSION = YES_AGGRESSIVE;
				CLANG_CXX_LANGUAGE_STANDARD = "gnu++17";
				CLANG_CXX_LIBRARY = "libc++";
				CLANG_ENABLE_MODULES = YES;
				CLANG_ENABLE_OBJC_ARC = YES;
				CLANG_ENABLE_OBJC_WEAK = YES;
				CLANG_WARN_BLOCK_CAPTURE_AUTORELEASING = YES;
				CLANG_WARN_BOOL_CONVERSION = YES;
				CLANG_WARN_COMMA = YES;
				CLANG_WARN_CONSTANT_CONVERSION = YES;
				CLANG_WARN_DEPRECATED_OBJC_IMPLEMENTATIONS = YES;
				CLANG_WARN_DIRECT_OBJC_ISA_USAGE = YES_ERROR;
				CLANG_WARN_DOCUMENTATION_COMMENTS = YES;
				CLANG_WARN_EMPTY_BODY = YES;
				CLANG_WARN_ENUM_CONVERSION = YES;
				CLANG_WARN_INFINITE_RECURSION = YES;
				CLANG_WARN_INT_CONVERSION = YES;
				CLANG_WARN_NON_LITERAL_NULL_CONVERSION = YES;
				CLANG_WARN_OBJC_IMPLICIT_RETAIN_SELF = YES;
				CLANG_WARN_OBJC_LITERAL_CONVERSION = YES;
				CLANG_WARN_OBJC_ROOT_CLASS = YES_ERROR;
				CLANG_WARN_QUOTED_INCLUDE_IN_FRAMEWORK_HEADER = YES;
				CLANG_WARN_RANGE_LOOP_ANALYSIS = YES;
				CLANG_WARN_STRICT_PROTOTYPES = YES;
				CLANG_WARN_SUSPICIOUS_MOVE = YES;
				CLANG_WARN_UNGUARDED_AVAILABILITY = YES_AGGRESSIVE;
				CLANG_WARN_UNREACHABLE_CODE = YES;
				CLANG_WARN__DUPLICATE_METHOD_MATCH = YES;
				COPY_PHASE_STRIP = NO;
				DEBUG_INFORMATION_FORMAT = dwarf;
				ENABLE_STRICT_OBJC_MSGSEND = YES;
				ENABLE_TESTABILITY = YES;
				GCC_C_LANGUAGE_STANDARD = gnu11;
				GCC_DYNAMIC_NO_PIC = NO;
				GCC_NO_COMMON_BLOCKS = YES;
				GCC_OPTIMIZATION_LEVEL = 0;
				GCC_PREPROCESSOR_DEFINITIONS = (
					"DEBUG=1",
					"$(inherited)",
				);
				GCC_WARN_64_TO_32_BIT_CONVERSION = YES;
				GCC_WARN_ABOUT_RETURN_TYPE = YES_ERROR;
				GCC_WARN_UNDECLARED_SELECTOR = YES;
				GCC_WARN_UNINITIALIZED_AUTOS = YES_AGGRESSIVE;
				GCC_WARN_UNUSED_FUNCTION = YES;
				GCC_WARN_UNUSED_VARIABLE = YES;
				MTL_ENABLE_DEBUG_INFO = INCLUDE_SOURCE;
				MTL_FAST_MATH = YES;
				ONLY_ACTIVE_ARCH = YES;
				SWIFT_ACTIVE_COMPILATION_CONDITIONS = DEBUG;
				SWIFT_OPTIMIZATION_LEVEL = "-Onone";
			};
			name = Debug;
		};
		AC05C27A288C6ED70042C00D /* Release */ = {
			isa = XCBuildConfiguration;
			buildSettings = {
				ALWAYS_SEARCH_USER_PATHS = NO;
				CLANG_ANALYZER_NONNULL = YES;
				CLANG_ANALYZER_NUMBER_OBJECT_CONVERSION = YES_AGGRESSIVE;
				CLANG_CXX_LANGUAGE_STANDARD = "gnu++17";
				CLANG_CXX_LIBRARY = "libc++";
				CLANG_ENABLE_MODULES = YES;
				CLANG_ENABLE_OBJC_ARC = YES;
				CLANG_ENABLE_OBJC_WEAK = YES;
				CLANG_WARN_BLOCK_CAPTURE_AUTORELEASING = YES;
				CLANG_WARN_BOOL_CONVERSION = YES;
				CLANG_WARN_COMMA = YES;
				CLANG_WARN_CONSTANT_CONVERSION = YES;
				CLANG_WARN_DEPRECATED_OBJC_IMPLEMENTATIONS = YES;
				CLANG_WARN_DIRECT_OBJC_ISA_USAGE = YES_ERROR;
				CLANG_WARN_DOCUMENTATION_COMMENTS = YES;
				CLANG_WARN_EMPTY_BODY = YES;
				CLANG_WARN_ENUM_CONVERSION = YES;
				CLANG_WARN_INFINITE_RECURSION = YES;
				CLANG_WARN_INT_CONVERSION = YES;
				CLANG_WARN_NON_LITERAL_NULL_CONVERSION = YES;
				CLANG_WARN_OBJC_IMPLICIT_RETAIN_SELF = YES;
				CLANG_WARN_OBJC_LITERAL_CONVERSION = YES;
				CLANG_WARN_OBJC_ROOT_CLASS = YES_ERROR;
				CLANG_WARN_QUOTED_INCLUDE_IN_FRAMEWORK_HEADER = YES;
				CLANG_WARN_RANGE_LOOP_ANALYSIS = YES;
				CLANG_WARN_STRICT_PROTOTYPES = YES;
				CLANG_WARN_SUSPICIOUS_MOVE = YES;
				CLANG_WARN_UNGUARDED_AVAILABILITY = YES_AGGRESSIVE;
				CLANG_WARN_UNREACHABLE_CODE = YES;
				CLANG_WARN__DUPLICATE_METHOD_MATCH = YES;
				COPY_PHASE_STRIP = NO;
				DEBUG_INFORMATION_FORMAT = "dwarf-with-dsym";
				ENABLE_NS_ASSERTIONS = NO;
				ENABLE_STRICT_OBJC_MSGSEND = YES;
				GCC_C_LANGUAGE_STANDARD = gnu11;
				GCC_NO_COMMON_BLOCKS = YES;
				GCC_WARN_64_TO_32_BIT_CONVERSION = YES;
				GCC_WARN_ABOUT_RETURN_TYPE = YES_ERROR;
				GCC_WARN_UNDECLARED_SELECTOR = YES;
				GCC_WARN_UNINITIALIZED_AUTOS = YES_AGGRESSIVE;
				GCC_WARN_UNUSED_FUNCTION = YES;
				GCC_WARN_UNUSED_VARIABLE = YES;
				MTL_ENABLE_DEBUG_INFO = NO;
				MTL_FAST_MATH = YES;
				SWIFT_COMPILATION_MODE = wholemodule;
				SWIFT_OPTIMIZATION_LEVEL = "-O";
			};
			name = Release;
		};
		AC05C27C288C6ED70042C00D /* Debug */ = {
			isa = XCBuildConfiguration;
			buildSettings = {
				ASSETCATALOG_COMPILER_APPICON_NAME = AppIcon;
				ASSETCATALOG_COMPILER_GLOBAL_ACCENT_COLOR_NAME = AccentColor;
				CODE_SIGN_STYLE = Automatic;
				CURRENT_PROJECT_VERSION = 1;
				DEVELOPMENT_TEAM = HWBLL6HQLM;
				ENABLE_PREVIEWS = YES;
				GENERATE_INFOPLIST_FILE = YES;
				INFOPLIST_KEY_UIApplicationSceneManifest_Generation = YES;
				INFOPLIST_KEY_UIApplicationSupportsIndirectInputEvents = YES;
				INFOPLIST_KEY_UILaunchScreen_Generation = YES;
				INFOPLIST_KEY_UISupportedInterfaceOrientations_iPad = "UIInterfaceOrientationPortrait UIInterfaceOrientationPortraitUpsideDown UIInterfaceOrientationLandscapeLeft UIInterfaceOrientationLandscapeRight";
				INFOPLIST_KEY_UISupportedInterfaceOrientations_iPhone = "UIInterfaceOrientationPortrait UIInterfaceOrientationLandscapeLeft UIInterfaceOrientationLandscapeRight";
				IPHONEOS_DEPLOYMENT_TARGET = 15.0;
				LD_RUNPATH_SEARCH_PATHS = (
					"$(inherited)",
					"@executable_path/Frameworks",
				);
				MARKETING_VERSION = 1.0;
				PRODUCT_BUNDLE_IDENTIFIER = benml.Filterio;
				PRODUCT_NAME = Filterio;
				SDKROOT = iphoneos;
				SWIFT_EMIT_LOC_STRINGS = YES;
				SWIFT_VERSION = 5.0;
				TARGETED_DEVICE_FAMILY = "1,2";
			};
			name = Debug;
		};
		AC05C27D288C6ED70042C00D /* Release */ = {
			isa = XCBuildConfiguration;
			buildSettings = {
				ASSETCATALOG_COMPILER_APPICON_NAME = AppIcon;
				ASSETCATALOG_COMPILER_GLOBAL_ACCENT_COLOR_NAME = AccentColor;
				CODE_SIGN_STYLE = Automatic;
				CURRENT_PROJECT_VERSION = 1;
				DEVELOPMENT_TEAM = HWBLL6HQLM;
				ENABLE_PREVIEWS = YES;
				GENERATE_INFOPLIST_FILE = YES;
				INFOPLIST_KEY_UIApplicationSceneManifest_Generation = YES;
				INFOPLIST_KEY_UIApplicationSupportsIndirectInputEvents = YES;
				INFOPLIST_KEY_UILaunchScreen_Generation = YES;
				INFOPLIST_KEY_UISupportedInterfaceOrientations_iPad = "UIInterfaceOrientationPortrait UIInterfaceOrientationPortraitUpsideDown UIInterfaceOrientationLandscapeLeft UIInterfaceOrientationLandscapeRight";
				INFOPLIST_KEY_UISupportedInterfaceOrientations_iPhone = "UIInterfaceOrientationPortrait UIInterfaceOrientationLandscapeLeft UIInterfaceOrientationLandscapeRight";
				IPHONEOS_DEPLOYMENT_TARGET = 15.0;
				LD_RUNPATH_SEARCH_PATHS = (
					"$(inherited)",
					"@executable_path/Frameworks",
				);
				MARKETING_VERSION = 1.0;
				PRODUCT_BUNDLE_IDENTIFIER = benml.Filterio;
				PRODUCT_NAME = Filterio;
				SDKROOT = iphoneos;
				SWIFT_EMIT_LOC_STRINGS = YES;
				SWIFT_VERSION = 5.0;
				TARGETED_DEVICE_FAMILY = "1,2";
				VALIDATE_PRODUCT = YES;
			};
			name = Release;
		};
		AC05C27F288C6ED70042C00D /* Debug */ = {
			isa = XCBuildConfiguration;
			buildSettings = {
				ASSETCATALOG_COMPILER_APPICON_NAME = AppIcon;
				ASSETCATALOG_COMPILER_GLOBAL_ACCENT_COLOR_NAME = AccentColor;
				CODE_SIGN_ENTITLEMENTS = macOS/macOS.entitlements;
				CODE_SIGN_STYLE = Automatic;
				COMBINE_HIDPI_IMAGES = YES;
				CURRENT_PROJECT_VERSION = 1;
				DEVELOPMENT_TEAM = HWBLL6HQLM;
				ENABLE_HARDENED_RUNTIME = YES;
				ENABLE_PREVIEWS = YES;
				GENERATE_INFOPLIST_FILE = YES;
				INFOPLIST_KEY_NSHumanReadableCopyright = "";
				LD_RUNPATH_SEARCH_PATHS = (
					"$(inherited)",
					"@executable_path/../Frameworks",
				);
				MACOSX_DEPLOYMENT_TARGET = 12.0;
				MARKETING_VERSION = 1.0;
				PRODUCT_BUNDLE_IDENTIFIER = benml.Filterio;
				PRODUCT_NAME = Filterio;
				SDKROOT = macosx;
				SWIFT_EMIT_LOC_STRINGS = YES;
				SWIFT_VERSION = 5.0;
			};
			name = Debug;
		};
		AC05C280288C6ED70042C00D /* Release */ = {
			isa = XCBuildConfiguration;
			buildSettings = {
				ASSETCATALOG_COMPILER_APPICON_NAME = AppIcon;
				ASSETCATALOG_COMPILER_GLOBAL_ACCENT_COLOR_NAME = AccentColor;
				CODE_SIGN_ENTITLEMENTS = macOS/macOS.entitlements;
				CODE_SIGN_STYLE = Automatic;
				COMBINE_HIDPI_IMAGES = YES;
				CURRENT_PROJECT_VERSION = 1;
				DEVELOPMENT_TEAM = HWBLL6HQLM;
				ENABLE_HARDENED_RUNTIME = YES;
				ENABLE_PREVIEWS = YES;
				GENERATE_INFOPLIST_FILE = YES;
				INFOPLIST_KEY_NSHumanReadableCopyright = "";
				LD_RUNPATH_SEARCH_PATHS = (
					"$(inherited)",
					"@executable_path/../Frameworks",
				);
				MACOSX_DEPLOYMENT_TARGET = 12.0;
				MARKETING_VERSION = 1.0;
				PRODUCT_BUNDLE_IDENTIFIER = benml.Filterio;
				PRODUCT_NAME = Filterio;
				SDKROOT = macosx;
				SWIFT_EMIT_LOC_STRINGS = YES;
				SWIFT_VERSION = 5.0;
			};
			name = Release;
		};
/* End XCBuildConfiguration section */

/* Begin XCConfigurationList section */
		AC05C261288C6ED50042C00D /* Build configuration list for PBXProject "Filterio" */ = {
			isa = XCConfigurationList;
			buildConfigurations = (
				AC05C279288C6ED70042C00D /* Debug */,
				AC05C27A288C6ED70042C00D /* Release */,
			);
			defaultConfigurationIsVisible = 0;
			defaultConfigurationName = Release;
		};
		AC05C27B288C6ED70042C00D /* Build configuration list for PBXNativeTarget "Filterio (iOS)" */ = {
			isa = XCConfigurationList;
			buildConfigurations = (
				AC05C27C288C6ED70042C00D /* Debug */,
				AC05C27D288C6ED70042C00D /* Release */,
			);
			defaultConfigurationIsVisible = 0;
			defaultConfigurationName = Release;
		};
		AC05C27E288C6ED70042C00D /* Build configuration list for PBXNativeTarget "Filterio (macOS)" */ = {
			isa = XCConfigurationList;
			buildConfigurations = (
				AC05C27F288C6ED70042C00D /* Debug */,
				AC05C280288C6ED70042C00D /* Release */,
			);
			defaultConfigurationIsVisible = 0;
			defaultConfigurationName = Release;
		};
/* End XCConfigurationList section */
	};
	rootObject = AC05C25E288C6ED50042C00D /* Project object */;
}
